
Microsoft Visual Studio Solution File, Format Version 12.00
# Visual Studio Version 17
VisualStudioVersion = 17.0.31903.59
MinimumVisualStudioVersion = 10.0.40219.1
Project("{FAE04EC0-301F-11D3-BF4B-00C04F79EFBC}") = "SqlMimic.Core", "SqlMimic.Core\SqlMimic.Core.csproj", "{C918A7BA-9565-4C0E-9F27-8E5BD387A0A5}"
EndProject
Project("{FAE04EC0-301F-11D3-BF4B-00C04F79EFBC}") = "SqlMimic.Tests", "SqlMimic.Tests\SqlMimic.Tests.csproj", "{06E65017-7B1B-4B5A-96F8-943521D659FD}"
EndProject
Project("{FAE04EC0-301F-11D3-BF4B-00C04F79EFBC}") = "SqlMimic.Core.Abstractions", "SqlMimic.Core.Abstractions\SqlMimic.Core.Abstractions.csproj", "{5600622E-9375-4B87-985D-DB2A7D827AC0}"
EndProject
Project("{FAE04EC0-301F-11D3-BF4B-00C04F79EFBC}") = "SqlMimic.SqlServer", "SqlMimic.SqlServer\SqlMimic.SqlServer.csproj", "{44D768BD-987E-4D0D-91F2-DA4F59BD2D4D}"
EndProject
Project("{FAE04EC0-301F-11D3-BF4B-00C04F79EFBC}") = "SqlMimic.PostgreSQL", "SqlMimic.PostgreSQL\SqlMimic.PostgreSQL.csproj", "{DE75CBBE-D19E-424B-B1F7-E2DA6A1EA7CA}"
EndProject
Project("{FAE04EC0-301F-11D3-BF4B-00C04F79EFBC}") = "SqlMimic.MySQL", "SqlMimic.MySQL\SqlMimic.MySQL.csproj", "{73470751-D615-4128-9EB9-B5B3B74661A4}"
EndProject
Project("{FAE04EC0-301F-11D3-BF4B-00C04F79EFBC}") = "SqlMimic.SQLite", "SqlMimic.SQLite\SqlMimic.SQLite.csproj", "{AC6AB4C0-2592-4996-831F-5BD95EB3F84F}"
EndProject
Project("{FAE04EC0-301F-11D3-BF4B-00C04F79EFBC}") = "SqlMimic.Tests.Integration", "SqlMimic.Tests.Integration\SqlMimic.Tests.Integration.csproj", "{9939A7C9-95B6-4657-8E35-C97B07D24A15}"
EndProject
Global
	GlobalSection(SolutionConfigurationPlatforms) = preSolution
		Debug|Any CPU = Debug|Any CPU
		Debug|x64 = Debug|x64
		Debug|x86 = Debug|x86
		Release|Any CPU = Release|Any CPU
		Release|x64 = Release|x64
		Release|x86 = Release|x86
	EndGlobalSection
	GlobalSection(ProjectConfigurationPlatforms) = postSolution
		{C918A7BA-9565-4C0E-9F27-8E5BD387A0A5}.Debug|Any CPU.ActiveCfg = Debug|Any CPU
		{C918A7BA-9565-4C0E-9F27-8E5BD387A0A5}.Debug|Any CPU.Build.0 = Debug|Any CPU
		{C918A7BA-9565-4C0E-9F27-8E5BD387A0A5}.Debug|x64.ActiveCfg = Debug|Any CPU
		{C918A7BA-9565-4C0E-9F27-8E5BD387A0A5}.Debug|x64.Build.0 = Debug|Any CPU
		{C918A7BA-9565-4C0E-9F27-8E5BD387A0A5}.Debug|x86.ActiveCfg = Debug|Any CPU
		{C918A7BA-9565-4C0E-9F27-8E5BD387A0A5}.Debug|x86.Build.0 = Debug|Any CPU
		{C918A7BA-9565-4C0E-9F27-8E5BD387A0A5}.Release|Any CPU.ActiveCfg = Release|Any CPU
		{C918A7BA-9565-4C0E-9F27-8E5BD387A0A5}.Release|Any CPU.Build.0 = Release|Any CPU
		{C918A7BA-9565-4C0E-9F27-8E5BD387A0A5}.Release|x64.ActiveCfg = Release|Any CPU
		{C918A7BA-9565-4C0E-9F27-8E5BD387A0A5}.Release|x64.Build.0 = Release|Any CPU
		{C918A7BA-9565-4C0E-9F27-8E5BD387A0A5}.Release|x86.ActiveCfg = Release|Any CPU
		{C918A7BA-9565-4C0E-9F27-8E5BD387A0A5}.Release|x86.Build.0 = Release|Any CPU
		{06E65017-7B1B-4B5A-96F8-943521D659FD}.Debug|Any CPU.ActiveCfg = Debug|Any CPU
		{06E65017-7B1B-4B5A-96F8-943521D659FD}.Debug|Any CPU.Build.0 = Debug|Any CPU
		{06E65017-7B1B-4B5A-96F8-943521D659FD}.Debug|x64.ActiveCfg = Debug|Any CPU
		{06E65017-7B1B-4B5A-96F8-943521D659FD}.Debug|x64.Build.0 = Debug|Any CPU
		{06E65017-7B1B-4B5A-96F8-943521D659FD}.Debug|x86.ActiveCfg = Debug|Any CPU
		{06E65017-7B1B-4B5A-96F8-943521D659FD}.Debug|x86.Build.0 = Debug|Any CPU
		{06E65017-7B1B-4B5A-96F8-943521D659FD}.Release|Any CPU.ActiveCfg = Release|Any CPU
		{06E65017-7B1B-4B5A-96F8-943521D659FD}.Release|Any CPU.Build.0 = Release|Any CPU
		{06E65017-7B1B-4B5A-96F8-943521D659FD}.Release|x64.ActiveCfg = Release|Any CPU
		{06E65017-7B1B-4B5A-96F8-943521D659FD}.Release|x64.Build.0 = Release|Any CPU
		{06E65017-7B1B-4B5A-96F8-943521D659FD}.Release|x86.ActiveCfg = Release|Any CPU
		{06E65017-7B1B-4B5A-96F8-943521D659FD}.Release|x86.Build.0 = Release|Any CPU
		{5600622E-9375-4B87-985D-DB2A7D827AC0}.Debug|Any CPU.ActiveCfg = Debug|Any CPU
		{5600622E-9375-4B87-985D-DB2A7D827AC0}.Debug|Any CPU.Build.0 = Debug|Any CPU
		{5600622E-9375-4B87-985D-DB2A7D827AC0}.Debug|x64.ActiveCfg = Debug|Any CPU
		{5600622E-9375-4B87-985D-DB2A7D827AC0}.Debug|x64.Build.0 = Debug|Any CPU
		{5600622E-9375-4B87-985D-DB2A7D827AC0}.Debug|x86.ActiveCfg = Debug|Any CPU
		{5600622E-9375-4B87-985D-DB2A7D827AC0}.Debug|x86.Build.0 = Debug|Any CPU
		{5600622E-9375-4B87-985D-DB2A7D827AC0}.Release|Any CPU.ActiveCfg = Release|Any CPU
		{5600622E-9375-4B87-985D-DB2A7D827AC0}.Release|Any CPU.Build.0 = Release|Any CPU
		{5600622E-9375-4B87-985D-DB2A7D827AC0}.Release|x64.ActiveCfg = Release|Any CPU
		{5600622E-9375-4B87-985D-DB2A7D827AC0}.Release|x64.Build.0 = Release|Any CPU
		{5600622E-9375-4B87-985D-DB2A7D827AC0}.Release|x86.ActiveCfg = Release|Any CPU
		{5600622E-9375-4B87-985D-DB2A7D827AC0}.Release|x86.Build.0 = Release|Any CPU
		{44D768BD-987E-4D0D-91F2-DA4F59BD2D4D}.Debug|Any CPU.ActiveCfg = Debug|Any CPU
		{44D768BD-987E-4D0D-91F2-DA4F59BD2D4D}.Debug|Any CPU.Build.0 = Debug|Any CPU
		{44D768BD-987E-4D0D-91F2-DA4F59BD2D4D}.Debug|x64.ActiveCfg = Debug|Any CPU
		{44D768BD-987E-4D0D-91F2-DA4F59BD2D4D}.Debug|x64.Build.0 = Debug|Any CPU
		{44D768BD-987E-4D0D-91F2-DA4F59BD2D4D}.Debug|x86.ActiveCfg = Debug|Any CPU
		{44D768BD-987E-4D0D-91F2-DA4F59BD2D4D}.Debug|x86.Build.0 = Debug|Any CPU
		{44D768BD-987E-4D0D-91F2-DA4F59BD2D4D}.Release|Any CPU.ActiveCfg = Release|Any CPU
		{44D768BD-987E-4D0D-91F2-DA4F59BD2D4D}.Release|Any CPU.Build.0 = Release|Any CPU
		{44D768BD-987E-4D0D-91F2-DA4F59BD2D4D}.Release|x64.ActiveCfg = Release|Any CPU
		{44D768BD-987E-4D0D-91F2-DA4F59BD2D4D}.Release|x64.Build.0 = Release|Any CPU
		{44D768BD-987E-4D0D-91F2-DA4F59BD2D4D}.Release|x86.ActiveCfg = Release|Any CPU
		{44D768BD-987E-4D0D-91F2-DA4F59BD2D4D}.Release|x86.Build.0 = Release|Any CPU
		{DE75CBBE-D19E-424B-B1F7-E2DA6A1EA7CA}.Debug|Any CPU.ActiveCfg = Debug|Any CPU
		{DE75CBBE-D19E-424B-B1F7-E2DA6A1EA7CA}.Debug|Any CPU.Build.0 = Debug|Any CPU
		{DE75CBBE-D19E-424B-B1F7-E2DA6A1EA7CA}.Debug|x64.ActiveCfg = Debug|Any CPU
		{DE75CBBE-D19E-424B-B1F7-E2DA6A1EA7CA}.Debug|x64.Build.0 = Debug|Any CPU
		{DE75CBBE-D19E-424B-B1F7-E2DA6A1EA7CA}.Debug|x86.ActiveCfg = Debug|Any CPU
		{DE75CBBE-D19E-424B-B1F7-E2DA6A1EA7CA}.Debug|x86.Build.0 = Debug|Any CPU
		{DE75CBBE-D19E-424B-B1F7-E2DA6A1EA7CA}.Release|Any CPU.ActiveCfg = Release|Any CPU
		{DE75CBBE-D19E-424B-B1F7-E2DA6A1EA7CA}.Release|Any CPU.Build.0 = Release|Any CPU
		{DE75CBBE-D19E-424B-B1F7-E2DA6A1EA7CA}.Release|x64.ActiveCfg = Release|Any CPU
		{DE75CBBE-D19E-424B-B1F7-E2DA6A1EA7CA}.Release|x64.Build.0 = Release|Any CPU
		{DE75CBBE-D19E-424B-B1F7-E2DA6A1EA7CA}.Release|x86.ActiveCfg = Release|Any CPU
		{DE75CBBE-D19E-424B-B1F7-E2DA6A1EA7CA}.Release|x86.Build.0 = Release|Any CPU
		{73470751-D615-4128-9EB9-B5B3B74661A4}.Debug|Any CPU.ActiveCfg = Debug|Any CPU
		{73470751-D615-4128-9EB9-B5B3B74661A4}.Debug|Any CPU.Build.0 = Debug|Any CPU
		{73470751-D615-4128-9EB9-B5B3B74661A4}.Debug|x64.ActiveCfg = Debug|Any CPU
		{73470751-D615-4128-9EB9-B5B3B74661A4}.Debug|x64.Build.0 = Debug|Any CPU
		{73470751-D615-4128-9EB9-B5B3B74661A4}.Debug|x86.ActiveCfg = Debug|Any CPU
		{73470751-D615-4128-9EB9-B5B3B74661A4}.Debug|x86.Build.0 = Debug|Any CPU
		{73470751-D615-4128-9EB9-B5B3B74661A4}.Release|Any CPU.ActiveCfg = Release|Any CPU
		{73470751-D615-4128-9EB9-B5B3B74661A4}.Release|Any CPU.Build.0 = Release|Any CPU
		{73470751-D615-4128-9EB9-B5B3B74661A4}.Release|x64.ActiveCfg = Release|Any CPU
		{73470751-D615-4128-9EB9-B5B3B74661A4}.Release|x64.Build.0 = Release|Any CPU
		{73470751-D615-4128-9EB9-B5B3B74661A4}.Release|x86.ActiveCfg = Release|Any CPU
		{73470751-D615-4128-9EB9-B5B3B74661A4}.Release|x86.Build.0 = Release|Any CPU
		{AC6AB4C0-2592-4996-831F-5BD95EB3F84F}.Debug|Any CPU.ActiveCfg = Debug|Any CPU
		{AC6AB4C0-2592-4996-831F-5BD95EB3F84F}.Debug|Any CPU.Build.0 = Debug|Any CPU
		{AC6AB4C0-2592-4996-831F-5BD95EB3F84F}.Debug|x64.ActiveCfg = Debug|Any CPU
		{AC6AB4C0-2592-4996-831F-5BD95EB3F84F}.Debug|x64.Build.0 = Debug|Any CPU
		{AC6AB4C0-2592-4996-831F-5BD95EB3F84F}.Debug|x86.ActiveCfg = Debug|Any CPU
		{AC6AB4C0-2592-4996-831F-5BD95EB3F84F}.Debug|x86.Build.0 = Debug|Any CPU
		{AC6AB4C0-2592-4996-831F-5BD95EB3F84F}.Release|Any CPU.ActiveCfg = Release|Any CPU
		{AC6AB4C0-2592-4996-831F-5BD95EB3F84F}.Release|Any CPU.Build.0 = Release|Any CPU
		{AC6AB4C0-2592-4996-831F-5BD95EB3F84F}.Release|x64.ActiveCfg = Release|Any CPU
		{AC6AB4C0-2592-4996-831F-5BD95EB3F84F}.Release|x64.Build.0 = Release|Any CPU
		{AC6AB4C0-2592-4996-831F-5BD95EB3F84F}.Release|x86.ActiveCfg = Release|Any CPU
		{AC6AB4C0-2592-4996-831F-5BD95EB3F84F}.Release|x86.Build.0 = Release|Any CPU
		{9939A7C9-95B6-4657-8E35-C97B07D24A15}.Debug|Any CPU.ActiveCfg = Debug|Any CPU
		{9939A7C9-95B6-4657-8E35-C97B07D24A15}.Debug|Any CPU.Build.0 = Debug|Any CPU
		{9939A7C9-95B6-4657-8E35-C97B07D24A15}.Debug|x64.ActiveCfg = Debug|Any CPU
		{9939A7C9-95B6-4657-8E35-C97B07D24A15}.Debug|x64.Build.0 = Debug|Any CPU
		{9939A7C9-95B6-4657-8E35-C97B07D24A15}.Debug|x86.ActiveCfg = Debug|Any CPU
		{9939A7C9-95B6-4657-8E35-C97B07D24A15}.Debug|x86.Build.0 = Debug|Any CPU
		{9939A7C9-95B6-4657-8E35-C97B07D24A15}.Release|Any CPU.ActiveCfg = Release|Any CPU
		{9939A7C9-95B6-4657-8E35-C97B07D24A15}.Release|Any CPU.Build.0 = Release|Any CPU
		{9939A7C9-95B6-4657-8E35-C97B07D24A15}.Release|x64.ActiveCfg = Release|Any CPU
		{9939A7C9-95B6-4657-8E35-C97B07D24A15}.Release|x64.Build.0 = Release|Any CPU
		{9939A7C9-95B6-4657-8E35-C97B07D24A15}.Release|x86.ActiveCfg = Release|Any CPU
		{9939A7C9-95B6-4657-8E35-C97B07D24A15}.Release|x86.Build.0 = Release|Any CPU
	EndGlobalSection
	GlobalSection(SolutionProperties) = preSolution
		HideSolutionNode = FALSE
	EndGlobalSection
EndGlobal
